
Microsoft Visual Studio Solution File, Format Version 12.00
# Visual Studio Version 16
VisualStudioVersion = 16.0.29806.167
MinimumVisualStudioVersion = 10.0.40219.1
Project("{9A19103F-16F7-4668-BE54-9A1E7A4F7556}") = "TechDebtIdentification.Core", "TechDebtIdentification.Core\TechDebtIdentification.Core.csproj", "{0164CC29-44E7-48DC-A332-4D8C5C3A031E}"
EndProject
Project("{9A19103F-16F7-4668-BE54-9A1E7A4F7556}") = "TechDebtIdentification.Tests", "TechDebtIdentification.Tests\TechDebtIdentification.Tests.csproj", "{1DE080D3-43AB-4600-BF62-024A9FE808A7}"
EndProject
Project("{9A19103F-16F7-4668-BE54-9A1E7A4F7556}") = "TechID.App", "TechID.App\TechID.App.csproj", "{052B56AE-B816-4F29-A413-86FDB703BB6F}"
EndProject
Global
	GlobalSection(SolutionConfigurationPlatforms) = preSolution
		Debug|Any CPU = Debug|Any CPU
		Release|Any CPU = Release|Any CPU
	EndGlobalSection
	GlobalSection(ProjectConfigurationPlatforms) = postSolution
		{0164CC29-44E7-48DC-A332-4D8C5C3A031E}.Debug|Any CPU.ActiveCfg = Debug|Any CPU
		{0164CC29-44E7-48DC-A332-4D8C5C3A031E}.Debug|Any CPU.Build.0 = Debug|Any CPU
		{0164CC29-44E7-48DC-A332-4D8C5C3A031E}.Release|Any CPU.ActiveCfg = Release|Any CPU
		{0164CC29-44E7-48DC-A332-4D8C5C3A031E}.Release|Any CPU.Build.0 = Release|Any CPU
		{1DE080D3-43AB-4600-BF62-024A9FE808A7}.Debug|Any CPU.ActiveCfg = Debug|Any CPU
		{1DE080D3-43AB-4600-BF62-024A9FE808A7}.Debug|Any CPU.Build.0 = Debug|Any CPU
		{1DE080D3-43AB-4600-BF62-024A9FE808A7}.Release|Any CPU.ActiveCfg = Release|Any CPU
		{1DE080D3-43AB-4600-BF62-024A9FE808A7}.Release|Any CPU.Build.0 = Release|Any CPU
		{052B56AE-B816-4F29-A413-86FDB703BB6F}.Debug|Any CPU.ActiveCfg = Debug|Any CPU
		{052B56AE-B816-4F29-A413-86FDB703BB6F}.Debug|Any CPU.Build.0 = Debug|Any CPU
		{052B56AE-B816-4F29-A413-86FDB703BB6F}.Release|Any CPU.ActiveCfg = Release|Any CPU
		{052B56AE-B816-4F29-A413-86FDB703BB6F}.Release|Any CPU.Build.0 = Release|Any CPU
	EndGlobalSection
	GlobalSection(SolutionProperties) = preSolution
		HideSolutionNode = FALSE
	EndGlobalSection
	GlobalSection(ExtensibilityGlobals) = postSolution
		SolutionGuid = {E9EEC7D4-AEDB-49DD-BE3D-18220C7B7F35}
	EndGlobalSection
EndGlobal
